
Microsoft Visual Studio Solution File, Format Version 12.00
# Visual Studio Version 16
VisualStudioVersion = 16.0.31410.223
MinimumVisualStudioVersion = 10.0.40219.1
Project("{2150E333-8FDC-42A3-9474-1A3956D46DE8}") = "src", "src", "{91E482DE-E1E7-4CE1-9511-C0AF07F3648A}"
EndProject
Project("{2150E333-8FDC-42A3-9474-1A3956D46DE8}") = "test", "test", "{B03B3086-D197-4B32-9AE2-8536C345EA2D}"
EndProject
Project("{2150E333-8FDC-42A3-9474-1A3956D46DE8}") = "sln", "sln", "{0F8E84A5-9520-433A-BFC7-776C300ECC76}"
ProjectSection(SolutionItems) = preProject
	.gitattributes = .gitattributes
	.gitignore = .gitignore
	appveyor.yml = appveyor.yml
	Build.ps1 = Build.ps1
	global.json = global.json
	LICENSE = LICENSE
	README.md = README.md
	RunLocalSmtp.ps1 = RunLocalSmtp.ps1
EndProjectSection
EndProject
Project("{2150E333-8FDC-42A3-9474-1A3956D46DE8}") = "asset", "asset", "{AC60371C-2888-45BB-9770-2A690DEA80FA}"
	ProjectSection(SolutionItems) = preProject
		asset\seq-app-htmlemail.png = asset\seq-app-htmlemail.png
	EndProjectSection
EndProject
Project("{FAE04EC0-301F-11D3-BF4B-00C04F79EFBC}") = "Seq.Mail", "src\Seq.Mail\Seq.Mail.csproj", "{A529BBDE-3484-4913-9160-681A9D6BD09A}"
EndProject
Project("{FAE04EC0-301F-11D3-BF4B-00C04F79EFBC}") = "Seq.App.Mail.Microsoft365", "src\Seq.App.Mail.Microsoft365\Seq.App.Mail.Microsoft365.csproj", "{151183AC-C2FA-4298-B942-6F300AF6B0BE}"
EndProject
Project("{FAE04EC0-301F-11D3-BF4B-00C04F79EFBC}") = "Seq.App.Mail.Smtp", "src\Seq.App.Mail.Smtp\Seq.App.Mail.Smtp.csproj", "{01AEB3CE-B816-472E-A2D5-50C35ACE9E66}"
EndProject
Project("{FAE04EC0-301F-11D3-BF4B-00C04F79EFBC}") = "Seq.Mail.Tests", "test\Seq.Mail.Tests\Seq.Mail.Tests.csproj", "{1A4641A3-2E55-4C16-AB9B-D9E5EAD71107}"
EndProject
Global
	GlobalSection(SolutionConfigurationPlatforms) = preSolution
		Debug|Any CPU = Debug|Any CPU
		Release|Any CPU = Release|Any CPU
	EndGlobalSection
	GlobalSection(ProjectConfigurationPlatforms) = postSolution
		{A529BBDE-3484-4913-9160-681A9D6BD09A}.Debug|Any CPU.ActiveCfg = Debug|Any CPU
		{A529BBDE-3484-4913-9160-681A9D6BD09A}.Debug|Any CPU.Build.0 = Debug|Any CPU
		{A529BBDE-3484-4913-9160-681A9D6BD09A}.Release|Any CPU.ActiveCfg = Release|Any CPU
		{A529BBDE-3484-4913-9160-681A9D6BD09A}.Release|Any CPU.Build.0 = Release|Any CPU
		{151183AC-C2FA-4298-B942-6F300AF6B0BE}.Debug|Any CPU.ActiveCfg = Debug|Any CPU
		{151183AC-C2FA-4298-B942-6F300AF6B0BE}.Debug|Any CPU.Build.0 = Debug|Any CPU
		{151183AC-C2FA-4298-B942-6F300AF6B0BE}.Release|Any CPU.ActiveCfg = Release|Any CPU
		{151183AC-C2FA-4298-B942-6F300AF6B0BE}.Release|Any CPU.Build.0 = Release|Any CPU
		{01AEB3CE-B816-472E-A2D5-50C35ACE9E66}.Debug|Any CPU.ActiveCfg = Debug|Any CPU
		{01AEB3CE-B816-472E-A2D5-50C35ACE9E66}.Debug|Any CPU.Build.0 = Debug|Any CPU
		{01AEB3CE-B816-472E-A2D5-50C35ACE9E66}.Release|Any CPU.ActiveCfg = Release|Any CPU
		{01AEB3CE-B816-472E-A2D5-50C35ACE9E66}.Release|Any CPU.Build.0 = Release|Any CPU
		{1A4641A3-2E55-4C16-AB9B-D9E5EAD71107}.Debug|Any CPU.ActiveCfg = Debug|Any CPU
		{1A4641A3-2E55-4C16-AB9B-D9E5EAD71107}.Debug|Any CPU.Build.0 = Debug|Any CPU
		{1A4641A3-2E55-4C16-AB9B-D9E5EAD71107}.Release|Any CPU.ActiveCfg = Release|Any CPU
		{1A4641A3-2E55-4C16-AB9B-D9E5EAD71107}.Release|Any CPU.Build.0 = Release|Any CPU
	EndGlobalSection
	GlobalSection(SolutionProperties) = preSolution
		HideSolutionNode = FALSE
	EndGlobalSection
	GlobalSection(NestedProjects) = preSolution
		{A529BBDE-3484-4913-9160-681A9D6BD09A} = {91E482DE-E1E7-4CE1-9511-C0AF07F3648A}
		{151183AC-C2FA-4298-B942-6F300AF6B0BE} = {91E482DE-E1E7-4CE1-9511-C0AF07F3648A}
		{01AEB3CE-B816-472E-A2D5-50C35ACE9E66} = {91E482DE-E1E7-4CE1-9511-C0AF07F3648A}
		{1A4641A3-2E55-4C16-AB9B-D9E5EAD71107} = {B03B3086-D197-4B32-9AE2-8536C345EA2D}
	EndGlobalSection
	GlobalSection(ExtensibilityGlobals) = postSolution
		SolutionGuid = {EB6672D6-318E-493E-8B60-77F5A7A90E66}
	EndGlobalSection
EndGlobal
